// !$*UTF8*$!
{
	archiveVersion = 1;
	classes = {
	};
	objectVersion = 46;
	objects = {

/* Begin PBXBuildFile section */
		80F0D6F71CABBAFF0010FA0A /* main.m in Sources */ = {isa = PBXBuildFile; fileRef = 80F0D6F61CABBAFF0010FA0A /* main.m */; };
		80F0D6FA1CABBB000010FA0A /* AppDelegate.m in Sources */ = {isa = PBXBuildFile; fileRef = 80F0D6F91CABBB000010FA0A /* AppDelegate.m */; };
		80F0D6FD1CABBB000010FA0A /* ViewController.m in Sources */ = {isa = PBXBuildFile; fileRef = 80F0D6FC1CABBB000010FA0A /* ViewController.m */; };
		80F0D7001CABBB000010FA0A /* Main.storyboard in Resources */ = {isa = PBXBuildFile; fileRef = 80F0D6FE1CABBB000010FA0A /* Main.storyboard */; };
		80F0D7031CABBB000010FA0A /* MyStops.xcdatamodeld in Sources */ = {isa = PBXBuildFile; fileRef = 80F0D7011CABBB000010FA0A /* MyStops.xcdatamodeld */; };
		80F0D7051CABBB000010FA0A /* Assets.xcassets in Resources */ = {isa = PBXBuildFile; fileRef = 80F0D7041CABBB000010FA0A /* Assets.xcassets */; };
		80F0D7081CABBB000010FA0A /* LaunchScreen.storyboard in Resources */ = {isa = PBXBuildFile; fileRef = 80F0D7061CABBB000010FA0A /* LaunchScreen.storyboard */; };
		80F0D7131CABBB000010FA0A /* MyStopsTests.m in Sources */ = {isa = PBXBuildFile; fileRef = 80F0D7121CABBB000010FA0A /* MyStopsTests.m */; };
		80F0D71E1CABBB000010FA0A /* MyStopsUITests.m in Sources */ = {isa = PBXBuildFile; fileRef = 80F0D71D1CABBB000010FA0A /* MyStopsUITests.m */; };
/* End PBXBuildFile section */

/* Begin PBXContainerItemProxy section */
		80F0D70F1CABBB000010FA0A /* PBXContainerItemProxy */ = {
			isa = PBXContainerItemProxy;
			containerPortal = 80F0D6EA1CABBAFF0010FA0A /* Project object */;
			proxyType = 1;
			remoteGlobalIDString = 80F0D6F11CABBAFF0010FA0A;
			remoteInfo = MyStops;
		};
		80F0D71A1CABBB000010FA0A /* PBXContainerItemProxy */ = {
			isa = PBXContainerItemProxy;
			containerPortal = 80F0D6EA1CABBAFF0010FA0A /* Project object */;
			proxyType = 1;
			remoteGlobalIDString = 80F0D6F11CABBAFF0010FA0A;
			remoteInfo = MyStops;
		};
/* End PBXContainerItemProxy section */

/* Begin PBXFileReference section */
		80F0D6F21CABBAFF0010FA0A /* MyStops.app */ = {isa = PBXFileReference; explicitFileType = wrapper.application; includeInIndex = 0; path = MyStops.app; sourceTree = BUILT_PRODUCTS_DIR; };
		80F0D6F61CABBAFF0010FA0A /* main.m */ = {isa = PBXFileReference; lastKnownFileType = sourcecode.c.objc; path = main.m; sourceTree = "<group>"; };
		80F0D6F81CABBAFF0010FA0A /* AppDelegate.h */ = {isa = PBXFileReference; lastKnownFileType = sourcecode.c.h; path = AppDelegate.h; sourceTree = "<group>"; };
		80F0D6F91CABBB000010FA0A /* AppDelegate.m */ = {isa = PBXFileReference; lastKnownFileType = sourcecode.c.objc; path = AppDelegate.m; sourceTree = "<group>"; };
		80F0D6FB1CABBB000010FA0A /* ViewController.h */ = {isa = PBXFileReference; lastKnownFileType = sourcecode.c.h; path = ViewController.h; sourceTree = "<group>"; };
		80F0D6FC1CABBB000010FA0A /* ViewController.m */ = {isa = PBXFileReference; lastKnownFileType = sourcecode.c.objc; path = ViewController.m; sourceTree = "<group>"; };
		80F0D6FF1CABBB000010FA0A /* Base */ = {isa = PBXFileReference; lastKnownFileType = file.storyboard; name = Base; path = Base.lproj/Main.storyboard; sourceTree = "<group>"; };
		80F0D7021CABBB000010FA0A /* MyStops.xcdatamodel */ = {isa = PBXFileReference; lastKnownFileType = wrapper.xcdatamodel; path = MyStops.xcdatamodel; sourceTree = "<group>"; };
		80F0D7041CABBB000010FA0A /* Assets.xcassets */ = {isa = PBXFileReference; lastKnownFileType = folder.assetcatalog; path = Assets.xcassets; sourceTree = "<group>"; };
		80F0D7071CABBB000010FA0A /* Base */ = {isa = PBXFileReference; lastKnownFileType = file.storyboard; name = Base; path = Base.lproj/LaunchScreen.storyboard; sourceTree = "<group>"; };
		80F0D7091CABBB000010FA0A /* Info.plist */ = {isa = PBXFileReference; lastKnownFileType = text.plist.xml; path = Info.plist; sourceTree = "<group>"; };
		80F0D70E1CABBB000010FA0A /* MyStopsTests.xctest */ = {isa = PBXFileReference; explicitFileType = wrapper.cfbundle; includeInIndex = 0; path = MyStopsTests.xctest; sourceTree = BUILT_PRODUCTS_DIR; };
		80F0D7121CABBB000010FA0A /* MyStopsTests.m */ = {isa = PBXFileReference; lastKnownFileType = sourcecode.c.objc; path = MyStopsTests.m; sourceTree = "<group>"; };
		80F0D7141CABBB000010FA0A /* Info.plist */ = {isa = PBXFileReference; lastKnownFileType = text.plist.xml; path = Info.plist; sourceTree = "<group>"; };
		80F0D7191CABBB000010FA0A /* MyStopsUITests.xctest */ = {isa = PBXFileReference; explicitFileType = wrapper.cfbundle; includeInIndex = 0; path = MyStopsUITests.xctest; sourceTree = BUILT_PRODUCTS_DIR; };
		80F0D71D1CABBB000010FA0A /* MyStopsUITests.m */ = {isa = PBXFileReference; lastKnownFileType = sourcecode.c.objc; path = MyStopsUITests.m; sourceTree = "<group>"; };
		80F0D71F1CABBB000010FA0A /* Info.plist */ = {isa = PBXFileReference; lastKnownFileType = text.plist.xml; path = Info.plist; sourceTree = "<group>"; };
/* End PBXFileReference section */

/* Begin PBXFrameworksBuildPhase section */
		80F0D6EF1CABBAFF0010FA0A /* Frameworks */ = {
			isa = PBXFrameworksBuildPhase;
			buildActionMask = 2147483647;
			files = (
			);
			runOnlyForDeploymentPostprocessing = 0;
		};
		80F0D70B1CABBB000010FA0A /* Frameworks */ = {
			isa = PBXFrameworksBuildPhase;
			buildActionMask = 2147483647;
			files = (
			);
			runOnlyForDeploymentPostprocessing = 0;
		};
		80F0D7161CABBB000010FA0A /* Frameworks */ = {
			isa = PBXFrameworksBuildPhase;
			buildActionMask = 2147483647;
			files = (
			);
			runOnlyForDeploymentPostprocessing = 0;
		};
/* End PBXFrameworksBuildPhase section */

/* Begin PBXGroup section */
		80F0D6E91CABBAFF0010FA0A = {
			isa = PBXGroup;
			children = (
				80F0D6F41CABBAFF0010FA0A /* MyStops */,
				80F0D7111CABBB000010FA0A /* MyStopsTests */,
				80F0D71C1CABBB000010FA0A /* MyStopsUITests */,
				80F0D6F31CABBAFF0010FA0A /* Products */,
			);
			sourceTree = "<group>";
		};
		80F0D6F31CABBAFF0010FA0A /* Products */ = {
			isa = PBXGroup;
			children = (
				80F0D6F21CABBAFF0010FA0A /* MyStops.app */,
				80F0D70E1CABBB000010FA0A /* MyStopsTests.xctest */,
				80F0D7191CABBB000010FA0A /* MyStopsUITests.xctest */,
			);
			name = Products;
			sourceTree = "<group>";
		};
		80F0D6F41CABBAFF0010FA0A /* MyStops */ = {
			isa = PBXGroup;
			children = (
				80F0D6F81CABBAFF0010FA0A /* AppDelegate.h */,
				80F0D6F91CABBB000010FA0A /* AppDelegate.m */,
				80F0D6FB1CABBB000010FA0A /* ViewController.h */,
				80F0D6FC1CABBB000010FA0A /* ViewController.m */,
				80F0D6FE1CABBB000010FA0A /* Main.storyboard */,
				80F0D7041CABBB000010FA0A /* Assets.xcassets */,
				80F0D7061CABBB000010FA0A /* LaunchScreen.storyboard */,
				80F0D7091CABBB000010FA0A /* Info.plist */,
				80F0D7011CABBB000010FA0A /* MyStops.xcdatamodeld */,
				80F0D6F51CABBAFF0010FA0A /* Supporting Files */,
			);
			path = MyStops;
			sourceTree = "<group>";
		};
		80F0D6F51CABBAFF0010FA0A /* Supporting Files */ = {
			isa = PBXGroup;
			children = (
				80F0D6F61CABBAFF0010FA0A /* main.m */,
			);
			name = "Supporting Files";
			sourceTree = "<group>";
		};
		80F0D7111CABBB000010FA0A /* MyStopsTests */ = {
			isa = PBXGroup;
			children = (
				80F0D7121CABBB000010FA0A /* MyStopsTests.m */,
				80F0D7141CABBB000010FA0A /* Info.plist */,
			);
			path = MyStopsTests;
			sourceTree = "<group>";
		};
		80F0D71C1CABBB000010FA0A /* MyStopsUITests */ = {
			isa = PBXGroup;
			children = (
				80F0D71D1CABBB000010FA0A /* MyStopsUITests.m */,
				80F0D71F1CABBB000010FA0A /* Info.plist */,
			);
			path = MyStopsUITests;
			sourceTree = "<group>";
		};
/* End PBXGroup section */

/* Begin PBXNativeTarget section */
		80F0D6F11CABBAFF0010FA0A /* MyStops */ = {
			isa = PBXNativeTarget;
			buildConfigurationList = 80F0D7221CABBB000010FA0A /* Build configuration list for PBXNativeTarget "MyStops" */;
			buildPhases = (
				80F0D6EE1CABBAFF0010FA0A /* Sources */,
				80F0D6EF1CABBAFF0010FA0A /* Frameworks */,
				80F0D6F01CABBAFF0010FA0A /* Resources */,
			);
			buildRules = (
			);
			dependencies = (
			);
			name = MyStops;
			productName = MyStops;
			productReference = 80F0D6F21CABBAFF0010FA0A /* MyStops.app */;
			productType = "com.apple.product-type.application";
		};
		80F0D70D1CABBB000010FA0A /* MyStopsTests */ = {
			isa = PBXNativeTarget;
			buildConfigurationList = 80F0D7251CABBB000010FA0A /* Build configuration list for PBXNativeTarget "MyStopsTests" */;
			buildPhases = (
				80F0D70A1CABBB000010FA0A /* Sources */,
				80F0D70B1CABBB000010FA0A /* Frameworks */,
				80F0D70C1CABBB000010FA0A /* Resources */,
			);
			buildRules = (
			);
			dependencies = (
				80F0D7101CABBB000010FA0A /* PBXTargetDependency */,
			);
			name = MyStopsTests;
			productName = MyStopsTests;
			productReference = 80F0D70E1CABBB000010FA0A /* MyStopsTests.xctest */;
			productType = "com.apple.product-type.bundle.unit-test";
		};
		80F0D7181CABBB000010FA0A /* MyStopsUITests */ = {
			isa = PBXNativeTarget;
			buildConfigurationList = 80F0D7281CABBB000010FA0A /* Build configuration list for PBXNativeTarget "MyStopsUITests" */;
			buildPhases = (
				80F0D7151CABBB000010FA0A /* Sources */,
				80F0D7161CABBB000010FA0A /* Frameworks */,
				80F0D7171CABBB000010FA0A /* Resources */,
			);
			buildRules = (
			);
			dependencies = (
				80F0D71B1CABBB000010FA0A /* PBXTargetDependency */,
			);
			name = MyStopsUITests;
			productName = MyStopsUITests;
			productReference = 80F0D7191CABBB000010FA0A /* MyStopsUITests.xctest */;
			productType = "com.apple.product-type.bundle.ui-testing";
		};
/* End PBXNativeTarget section */

/* Begin PBXProject section */
		80F0D6EA1CABBAFF0010FA0A /* Project object */ = {
			isa = PBXProject;
			attributes = {
				LastUpgradeCheck = 0730;
				ORGANIZATIONNAME = EGS;
				TargetAttributes = {
					80F0D6F11CABBAFF0010FA0A = {
						CreatedOnToolsVersion = 7.3;
					};
					80F0D70D1CABBB000010FA0A = {
						CreatedOnToolsVersion = 7.3;
						TestTargetID = 80F0D6F11CABBAFF0010FA0A;
					};
					80F0D7181CABBB000010FA0A = {
						CreatedOnToolsVersion = 7.3;
						TestTargetID = 80F0D6F11CABBAFF0010FA0A;
					};
				};
			};
			buildConfigurationList = 80F0D6ED1CABBAFF0010FA0A /* Build configuration list for PBXProject "MyStops" */;
			compatibilityVersion = "Xcode 3.2";
			developmentRegion = English;
			hasScannedForEncodings = 0;
			knownRegions = (
				en,
				Base,
			);
			mainGroup = 80F0D6E91CABBAFF0010FA0A;
			productRefGroup = 80F0D6F31CABBAFF0010FA0A /* Products */;
			projectDirPath = "";
			projectRoot = "";
			targets = (
				80F0D6F11CABBAFF0010FA0A /* MyStops */,
				80F0D70D1CABBB000010FA0A /* MyStopsTests */,
				80F0D7181CABBB000010FA0A /* MyStopsUITests */,
			);
		};
/* End PBXProject section */

/* Begin PBXResourcesBuildPhase section */
		80F0D6F01CABBAFF0010FA0A /* Resources */ = {
			isa = PBXResourcesBuildPhase;
			buildActionMask = 2147483647;
			files = (
				80F0D7081CABBB000010FA0A /* LaunchScreen.storyboard in Resources */,
				80F0D7051CABBB000010FA0A /* Assets.xcassets in Resources */,
				80F0D7001CABBB000010FA0A /* Main.storyboard in Resources */,
			);
			runOnlyForDeploymentPostprocessing = 0;
		};
		80F0D70C1CABBB000010FA0A /* Resources */ = {
			isa = PBXResourcesBuildPhase;
			buildActionMask = 2147483647;
			files = (
			);
			runOnlyForDeploymentPostprocessing = 0;
		};
		80F0D7171CABBB000010FA0A /* Resources */ = {
			isa = PBXResourcesBuildPhase;
			buildActionMask = 2147483647;
			files = (
			);
			runOnlyForDeploymentPostprocessing = 0;
		};
/* End PBXResourcesBuildPhase section */

/* Begin PBXSourcesBuildPhase section */
		80F0D6EE1CABBAFF0010FA0A /* Sources */ = {
			isa = PBXSourcesBuildPhase;
			buildActionMask = 2147483647;
			files = (
				80F0D6FD1CABBB000010FA0A /* ViewController.m in Sources */,
				80F0D6FA1CABBB000010FA0A /* AppDelegate.m in Sources */,
				80F0D6F71CABBAFF0010FA0A /* main.m in Sources */,
				80F0D7031CABBB000010FA0A /* MyStops.xcdatamodeld in Sources */,
			);
			runOnlyForDeploymentPostprocessing = 0;
		};
		80F0D70A1CABBB000010FA0A /* Sources */ = {
			isa = PBXSourcesBuildPhase;
			buildActionMask = 2147483647;
			files = (
				80F0D7131CABBB000010FA0A /* MyStopsTests.m in Sources */,
			);
			runOnlyForDeploymentPostprocessing = 0;
		};
		80F0D7151CABBB000010FA0A /* Sources */ = {
			isa = PBXSourcesBuildPhase;
			buildActionMask = 2147483647;
			files = (
				80F0D71E1CABBB000010FA0A /* MyStopsUITests.m in Sources */,
			);
			runOnlyForDeploymentPostprocessing = 0;
		};
/* End PBXSourcesBuildPhase section */

/* Begin PBXTargetDependency section */
		80F0D7101CABBB000010FA0A /* PBXTargetDependency */ = {
			isa = PBXTargetDependency;
			target = 80F0D6F11CABBAFF0010FA0A /* MyStops */;
			targetProxy = 80F0D70F1CABBB000010FA0A /* PBXContainerItemProxy */;
		};
		80F0D71B1CABBB000010FA0A /* PBXTargetDependency */ = {
			isa = PBXTargetDependency;
			target = 80F0D6F11CABBAFF0010FA0A /* MyStops */;
			targetProxy = 80F0D71A1CABBB000010FA0A /* PBXContainerItemProxy */;
		};
/* End PBXTargetDependency section */

/* Begin PBXVariantGroup section */
		80F0D6FE1CABBB000010FA0A /* Main.storyboard */ = {
			isa = PBXVariantGroup;
			children = (
				80F0D6FF1CABBB000010FA0A /* Base */,
			);
			name = Main.storyboard;
			sourceTree = "<group>";
		};
		80F0D7061CABBB000010FA0A /* LaunchScreen.storyboard */ = {
			isa = PBXVariantGroup;
			children = (
				80F0D7071CABBB000010FA0A /* Base */,
			);
			name = LaunchScreen.storyboard;
			sourceTree = "<group>";
		};
/* End PBXVariantGroup section */

/* Begin XCBuildConfiguration section */
		80F0D7201CABBB000010FA0A /* Debug */ = {
			isa = XCBuildConfiguration;
			buildSettings = {
				ALWAYS_SEARCH_USER_PATHS = NO;
				CLANG_ANALYZER_NONNULL = YES;
				CLANG_CXX_LANGUAGE_STANDARD = "gnu++0x";
				CLANG_CXX_LIBRARY = "libc++";
				CLANG_ENABLE_MODULES = YES;
				CLANG_ENABLE_OBJC_ARC = YES;
				CLANG_WARN_BOOL_CONVERSION = YES;
				CLANG_WARN_CONSTANT_CONVERSION = YES;
				CLANG_WARN_DIRECT_OBJC_ISA_USAGE = YES_ERROR;
				CLANG_WARN_EMPTY_BODY = YES;
				CLANG_WARN_ENUM_CONVERSION = YES;
				CLANG_WARN_INT_CONVERSION = YES;
				CLANG_WARN_OBJC_ROOT_CLASS = YES_ERROR;
				CLANG_WARN_UNREACHABLE_CODE = YES;
				CLANG_WARN__DUPLICATE_METHOD_MATCH = YES;
				"CODE_SIGN_IDENTITY[sdk=iphoneos*]" = "iPhone Developer";
				COPY_PHASE_STRIP = NO;
				DEBUG_INFORMATION_FORMAT = dwarf;
				ENABLE_STRICT_OBJC_MSGSEND = YES;
				ENABLE_TESTABILITY = YES;
				GCC_C_LANGUAGE_STANDARD = gnu99;
				GCC_DYNAMIC_NO_PIC = NO;
				GCC_NO_COMMON_BLOCKS = YES;
				GCC_OPTIMIZATION_LEVEL = 0;
				GCC_PREPROCESSOR_DEFINITIONS = (
					"DEBUG=1",
					"$(inherited)",
				);
				GCC_WARN_64_TO_32_BIT_CONVERSION = YES;
				GCC_WARN_ABOUT_RETURN_TYPE = YES_ERROR;
				GCC_WARN_UNDECLARED_SELECTOR = YES;
				GCC_WARN_UNINITIALIZED_AUTOS = YES_AGGRESSIVE;
				GCC_WARN_UNUSED_FUNCTION = YES;
				GCC_WARN_UNUSED_VARIABLE = YES;
				IPHONEOS_DEPLOYMENT_TARGET = 9.3;
				MTL_ENABLE_DEBUG_INFO = YES;
				ONLY_ACTIVE_ARCH = YES;
				SDKROOT = iphoneos;
			};
			name = Debug;
		};
		80F0D7211CABBB000010FA0A /* Release */ = {
			isa = XCBuildConfiguration;
			buildSettings = {
				ALWAYS_SEARCH_USER_PATHS = NO;
				CLANG_ANALYZER_NONNULL = YES;
				CLANG_CXX_LANGUAGE_STANDARD = "gnu++0x";
				CLANG_CXX_LIBRARY = "libc++";
				CLANG_ENABLE_MODULES = YES;
				CLANG_ENABLE_OBJC_ARC = YES;
				CLANG_WARN_BOOL_CONVERSION = YES;
				CLANG_WARN_CONSTANT_CONVERSION = YES;
				CLANG_WARN_DIRECT_OBJC_ISA_USAGE = YES_ERROR;
				CLANG_WARN_EMPTY_BODY = YES;
				CLANG_WARN_ENUM_CONVERSION = YES;
				CLANG_WARN_INT_CONVERSION = YES;
				CLANG_WARN_OBJC_ROOT_CLASS = YES_ERROR;
				CLANG_WARN_UNREACHABLE_CODE = YES;
				CLANG_WARN__DUPLICATE_METHOD_MATCH = YES;
				"CODE_SIGN_IDENTITY[sdk=iphoneos*]" = "iPhone Developer";
				COPY_PHASE_STRIP = NO;
				DEBUG_INFORMATION_FORMAT = "dwarf-with-dsym";
				ENABLE_NS_ASSERTIONS = NO;
				ENABLE_STRICT_OBJC_MSGSEND = YES;
				GCC_C_LANGUAGE_STANDARD = gnu99;
				GCC_NO_COMMON_BLOCKS = YES;
				GCC_WARN_64_TO_32_BIT_CONVERSION = YES;
				GCC_WARN_ABOUT_RETURN_TYPE = YES_ERROR;
				GCC_WARN_UNDECLARED_SELECTOR = YES;
				GCC_WARN_UNINITIALIZED_AUTOS = YES_AGGRESSIVE;
				GCC_WARN_UNUSED_FUNCTION = YES;
				GCC_WARN_UNUSED_VARIABLE = YES;
				IPHONEOS_DEPLOYMENT_TARGET = 9.3;
				MTL_ENABLE_DEBUG_INFO = NO;
				SDKROOT = iphoneos;
				VALIDATE_PRODUCT = YES;
			};
			name = Release;
		};
		80F0D7231CABBB000010FA0A /* Debug */ = {
			isa = XCBuildConfiguration;
			buildSettings = {
				ASSETCATALOG_COMPILER_APPICON_NAME = AppIcon;
				INFOPLIST_FILE = MyStops/Info.plist;
				LD_RUNPATH_SEARCH_PATHS = "$(inherited) @executable_path/Frameworks";
				PRODUCT_BUNDLE_IDENTIFIER = com.EGS.MyStops;
				PRODUCT_NAME = "$(TARGET_NAME)";
			};
			name = Debug;
		};
		80F0D7241CABBB000010FA0A /* Release */ = {
			isa = XCBuildConfiguration;
			buildSettings = {
				ASSETCATALOG_COMPILER_APPICON_NAME = AppIcon;
				INFOPLIST_FILE = MyStops/Info.plist;
				LD_RUNPATH_SEARCH_PATHS = "$(inherited) @executable_path/Frameworks";
				PRODUCT_BUNDLE_IDENTIFIER = com.EGS.MyStops;
				PRODUCT_NAME = "$(TARGET_NAME)";
			};
			name = Release;
		};
		80F0D7261CABBB000010FA0A /* Debug */ = {
			isa = XCBuildConfiguration;
			buildSettings = {
				BUNDLE_LOADER = "$(TEST_HOST)";
				INFOPLIST_FILE = MyStopsTests/Info.plist;
				LD_RUNPATH_SEARCH_PATHS = "$(inherited) @executable_path/Frameworks @loader_path/Frameworks";
				PRODUCT_BUNDLE_IDENTIFIER = com.EGS.MyStopsTests;
				PRODUCT_NAME = "$(TARGET_NAME)";
				TEST_HOST = "$(BUILT_PRODUCTS_DIR)/MyStops.app/MyStops";
			};
			name = Debug;
		};
		80F0D7271CABBB000010FA0A /* Release */ = {
			isa = XCBuildConfiguration;
			buildSettings = {
				BUNDLE_LOADER = "$(TEST_HOST)";
				INFOPLIST_FILE = MyStopsTests/Info.plist;
				LD_RUNPATH_SEARCH_PATHS = "$(inherited) @executable_path/Frameworks @loader_path/Frameworks";
				PRODUCT_BUNDLE_IDENTIFIER = com.EGS.MyStopsTests;
				PRODUCT_NAME = "$(TARGET_NAME)";
				TEST_HOST = "$(BUILT_PRODUCTS_DIR)/MyStops.app/MyStops";
			};
			name = Release;
		};
		80F0D7291CABBB000010FA0A /* Debug */ = {
			isa = XCBuildConfiguration;
			buildSettings = {
				INFOPLIST_FILE = MyStopsUITests/Info.plist;
				LD_RUNPATH_SEARCH_PATHS = "$(inherited) @executable_path/Frameworks @loader_path/Frameworks";
				PRODUCT_BUNDLE_IDENTIFIER = com.EGS.MyStopsUITests;
				PRODUCT_NAME = "$(TARGET_NAME)";
				TEST_TARGET_NAME = MyStops;
			};
			name = Debug;
		};
		80F0D72A1CABBB000010FA0A /* Release */ = {
			isa = XCBuildConfiguration;
			buildSettings = {
				INFOPLIST_FILE = MyStopsUITests/Info.plist;
				LD_RUNPATH_SEARCH_PATHS = "$(inherited) @executable_path/Frameworks @loader_path/Frameworks";
				PRODUCT_BUNDLE_IDENTIFIER = com.EGS.MyStopsUITests;
				PRODUCT_NAME = "$(TARGET_NAME)";
				TEST_TARGET_NAME = MyStops;
			};
			name = Release;
		};
/* End XCBuildConfiguration section */

/* Begin XCConfigurationList section */
		80F0D6ED1CABBAFF0010FA0A /* Build configuration list for PBXProject "MyStops" */ = {
			isa = XCConfigurationList;
			buildConfigurations = (
				80F0D7201CABBB000010FA0A /* Debug */,
				80F0D7211CABBB000010FA0A /* Release */,
			);
			defaultConfigurationIsVisible = 0;
			defaultConfigurationName = Release;
		};
		80F0D7221CABBB000010FA0A /* Build configuration list for PBXNativeTarget "MyStops" */ = {
			isa = XCConfigurationList;
			buildConfigurations = (
				80F0D7231CABBB000010FA0A /* Debug */,
				80F0D7241CABBB000010FA0A /* Release */,
			);
			defaultConfigurationIsVisible = 0;
		};
		80F0D7251CABBB000010FA0A /* Build configuration list for PBXNativeTarget "MyStopsTests" */ = {
			isa = XCConfigurationList;
			buildConfigurations = (
				80F0D7261CABBB000010FA0A /* Debug */,
				80F0D7271CABBB000010FA0A /* Release */,
			);
			defaultConfigurationIsVisible = 0;
		};
		80F0D7281CABBB000010FA0A /* Build configuration list for PBXNativeTarget "MyStopsUITests" */ = {
			isa = XCConfigurationList;
			buildConfigurations = (
				80F0D7291CABBB000010FA0A /* Debug */,
				80F0D72A1CABBB000010FA0A /* Release */,
			);
			defaultConfigurationIsVisible = 0;
		};
/* End XCConfigurationList section */

/* Begin XCVersionGroup section */
		80F0D7011CABBB000010FA0A /* MyStops.xcdatamodeld */ = {
			isa = XCVersionGroup;
			children = (
				80F0D7021CABBB000010FA0A /* MyStops.xcdatamodel */,
			);
			currentVersion = 80F0D7021CABBB000010FA0A /* MyStops.xcdatamodel */;
			path = MyStops.xcdatamodeld;
			sourceTree = "<group>";
			versionGroupType = wrapper.xcdatamodel;
		};
/* End XCVersionGroup section */
	};
	rootObject = 80F0D6EA1CABBAFF0010FA0A /* Project object */;
}
